
Microsoft Visual Studio Solution File, Format Version 12.00
# Visual Studio Version 17
VisualStudioVersion = 17.8.34330.188
MinimumVisualStudioVersion = 10.0.40219.1
Project("{FAE04EC0-301F-11D3-BF4B-00C04F79EFBC}") = "CSProject", "CSProject\CSProject.csproj", "{EE0A17A5-51BD-4BC5-B63C-FBD5B7FE2E34}"
EndProject
Global
	GlobalSection(SolutionConfigurationPlatforms) = preSolution
		Debug|Any CPU = Debug|Any CPU
		Release|Any CPU = Release|Any CPU
	EndGlobalSection
	GlobalSection(ProjectConfigurationPlatforms) = postSolution
		{EE0A17A5-51BD-4BC5-B63C-FBD5B7FE2E34}.Debug|Any CPU.ActiveCfg = Debug|Any CPU
		{EE0A17A5-51BD-4BC5-B63C-FBD5B7FE2E34}.Debug|Any CPU.Build.0 = Debug|Any CPU
		{EE0A17A5-51BD-4BC5-B63C-FBD5B7FE2E34}.Release|Any CPU.ActiveCfg = Release|Any CPU
		{EE0A17A5-51BD-4BC5-B63C-FBD5B7FE2E34}.Release|Any CPU.Build.0 = Release|Any CPU
	EndGlobalSection
	GlobalSection(SolutionProperties) = preSolution
		HideSolutionNode = FALSE
	EndGlobalSection
	GlobalSection(ExtensibilityGlobals) = postSolution
		SolutionGuid = {238752DE-4303-4F3C-A20C-39F15D69AB29}
	EndGlobalSection
EndGlobal
